
Microsoft Visual Studio Solution File, Format Version 12.00
# Visual Studio Version 17
VisualStudioVersion = 17.5.002.0
MinimumVisualStudioVersion = 10.0.40219.1
Project("{2150E333-8FDC-42A3-9474-1A3956D46DE8}") = "CsharpProjects", "CsharpProjects", "{E31B8CB9-15EC-4F6E-A5B2-4486A21A40EB}"
EndProject
Project("{9A19103F-16F7-4668-BE54-9A1E7A4F7556}") = "TestProject", "CsharpProjects\TestProject\TestProject.csproj", "{D3DC64DA-D76D-4459-A93F-CE4B2579D574}"
EndProject
Global
	GlobalSection(SolutionConfigurationPlatforms) = preSolution
		Debug|Any CPU = Debug|Any CPU
		Release|Any CPU = Release|Any CPU
	EndGlobalSection
	GlobalSection(ProjectConfigurationPlatforms) = postSolution
		{D3DC64DA-D76D-4459-A93F-CE4B2579D574}.Debug|Any CPU.ActiveCfg = Debug|Any CPU
		{D3DC64DA-D76D-4459-A93F-CE4B2579D574}.Debug|Any CPU.Build.0 = Debug|Any CPU
		{D3DC64DA-D76D-4459-A93F-CE4B2579D574}.Release|Any CPU.ActiveCfg = Release|Any CPU
		{D3DC64DA-D76D-4459-A93F-CE4B2579D574}.Release|Any CPU.Build.0 = Release|Any CPU
	EndGlobalSection
	GlobalSection(SolutionProperties) = preSolution
		HideSolutionNode = FALSE
	EndGlobalSection
	GlobalSection(NestedProjects) = preSolution
		{D3DC64DA-D76D-4459-A93F-CE4B2579D574} = {E31B8CB9-15EC-4F6E-A5B2-4486A21A40EB}
	EndGlobalSection
	GlobalSection(ExtensibilityGlobals) = postSolution
		SolutionGuid = {CA9AB391-8BA6-497D-AC5A-C2BD180957D7}
	EndGlobalSection
EndGlobal
