
Microsoft Visual Studio Solution File, Format Version 12.00
# Visual Studio Version 17
VisualStudioVersion = 17.5.002.0
MinimumVisualStudioVersion = 10.0.40219.1
Project("{9A19103F-16F7-4668-BE54-9A1E7A4F7556}") = "TestProject", "TestProject.csproj", "{EED7A9F5-D0D1-477C-BEBC-0A4F82EF083C}"
EndProject
Global
	GlobalSection(SolutionConfigurationPlatforms) = preSolution
		Debug|Any CPU = Debug|Any CPU
		Release|Any CPU = Release|Any CPU
	EndGlobalSection
	GlobalSection(ProjectConfigurationPlatforms) = postSolution
		{EED7A9F5-D0D1-477C-BEBC-0A4F82EF083C}.Debug|Any CPU.ActiveCfg = Debug|Any CPU
		{EED7A9F5-D0D1-477C-BEBC-0A4F82EF083C}.Debug|Any CPU.Build.0 = Debug|Any CPU
		{EED7A9F5-D0D1-477C-BEBC-0A4F82EF083C}.Release|Any CPU.ActiveCfg = Release|Any CPU
		{EED7A9F5-D0D1-477C-BEBC-0A4F82EF083C}.Release|Any CPU.Build.0 = Release|Any CPU
	EndGlobalSection
	GlobalSection(SolutionProperties) = preSolution
		HideSolutionNode = FALSE
	EndGlobalSection
	GlobalSection(ExtensibilityGlobals) = postSolution
		SolutionGuid = {5E20826D-E102-4B5A-B0C3-C7D6748E0B72}
	EndGlobalSection
EndGlobal
